
Microsoft Visual Studio Solution File, Format Version 12.00
Project("{FAE04EC0-301F-11D3-BF4B-00C04F79EFBC}") = "Farewell.DI", "Farewell.DI\Farewell.DI.csproj", "{E1CCAB9C-BF8B-45E0-9A0C-CF74DF55502D}"
EndProject
Project("{FAE04EC0-301F-11D3-BF4B-00C04F79EFBC}") = "Farewell.Abstractions", "Farewell.Abstractions\Farewell.Abstractions.csproj", "{7F5DDC99-8D4F-4D25-A670-A40AF7C8F3D8}"
EndProject
Project("{FAE04EC0-301F-11D3-BF4B-00C04F79EFBC}") = "Farewell.Infrastructure.EntityFramework", "Farewell.Infrastructure.EntityFramework\Farewell.Infrastructure.EntityFramework.csproj", "{97461087-B1DE-43B5-9AFF-73402B521A2F}"
EndProject
Project("{FAE04EC0-301F-11D3-BF4B-00C04F79EFBC}") = "Farewell.Configuration", "Farewell.Configuration\Farewell.Configuration.csproj", "{641E5107-5135-4FA8-B045-B1D8A95009DA}"
EndProject
Project("{FAE04EC0-301F-11D3-BF4B-00C04F79EFBC}") = "Farewell.Validation", "Farewell.Validation\Farewell.Validation.csproj", "{5B164032-831E-41D9-B0F1-999EFF7FB6BD}"
EndProject
Project("{FAE04EC0-301F-11D3-BF4B-00C04F79EFBC}") = "Farewell.Localization", "Farewell.Localization\Farewell.Localization.csproj", "{BEFB645F-4FF7-467B-8166-FD777A81693C}"
EndProject
Project("{2150E333-8FDC-42A3-9474-1A3956D46DE8}") = "Farewell.Compatibility", "Farewell.Compatibility", "{87EC1C4B-5EAA-45A0-857B-E0A6359D9B64}"
EndProject
Project("{FAE04EC0-301F-11D3-BF4B-00C04F79EFBC}") = "Farewell.Logging", "Farewell.Logging\Farewell.Logging.csproj", "{E7522040-9A7A-496F-A086-70D113A2D0E9}"
EndProject
Project("{FAE04EC0-301F-11D3-BF4B-00C04F79EFBC}") = "Farewell.StateRules", "Farewell.StateRules\Farewell.StateRules.csproj", "{CD1BEBC1-1399-47CF-A6DC-53877D5F57C0}"
EndProject
Project("{FAE04EC0-301F-11D3-BF4B-00C04F79EFBC}") = "Farewell.Debug.Application", "Farewell.Debug\Farewell.Debug.Application\Farewell.Debug.Application.csproj", "{00C3D8D8-FC21-404B-BCC7-5D7A797B5721}"
EndProject
Project("{FAE04EC0-301F-11D3-BF4B-00C04F79EFBC}") = "Farewell.Debug.Domain", "Farewell.Debug\Farewell.Debug.Domain\Farewell.Debug.Domain.csproj", "{56C548D2-BD23-4D14-A7EE-E5FEA379D2E0}"
EndProject
Project("{FAE04EC0-301F-11D3-BF4B-00C04F79EFBC}") = "Farewell.Debug.Infrastructure", "Farewell.Debug\Farewell.Debug.Infrastructure\Farewell.Debug.Infrastructure.csproj", "{21F087BA-385F-4922-AD11-BD5AE90F2D65}"
EndProject
Project("{FAE04EC0-301F-11D3-BF4B-00C04F79EFBC}") = "Farewell.Debug.Presentation.ASP", "Farewell.Debug\Farewell.Debug.Presentation.ASP\Farewell.Debug.Presentation.ASP.csproj", "{FB7EB100-69BF-424A-BBE7-DD63DC08BC56}"
EndProject
Project("{FAE04EC0-301F-11D3-BF4B-00C04F79EFBC}") = "Farewell.Debug.Presentation.Console", "Farewell.Debug\Farewell.Debug.Presentation.Console\Farewell.Debug.Presentation.Console.csproj", "{81C07820-02E2-4FBB-ADFE-AD7A08ADAB9F}"
EndProject
Project("{2150E333-8FDC-42A3-9474-1A3956D46DE8}") = "Farewell.Debug", "Farewell.Debug", "{796FF468-2FA8-44A5-954C-7FD431A99538}"
EndProject
Project("{FAE04EC0-301F-11D3-BF4B-00C04F79EFBC}") = "Farewell.Debug.Tests", "Farewell.Debug\Farewell.Debug.Tests\Farewell.Debug.Tests.csproj", "{B1831E50-1874-4733-A068-4E5B16F03A25}"
EndProject
Project("{FAE04EC0-301F-11D3-BF4B-00C04F79EFBC}") = "Farewell.Compatibility.MS.DependencyInjection", "Farewell.Compatibility\Farewell.Compatibility.MS.DependencyInjection\Farewell.Compatibility.MS.DependencyInjection.csproj", "{4172FBB8-9777-485A-BA26-E136E7A079C3}"
EndProject
Project("{FAE04EC0-301F-11D3-BF4B-00C04F79EFBC}") = "Farewell.Compatibility.MS.Logging", "Farewell.Compatibility\Farewell.Compatibility.MS.Logging\Farewell.Compatibility.MS.Logging.csproj", "{5EF31D97-1BE8-4A80-87CD-D57AAB701F78}"
EndProject
Global
	GlobalSection(SolutionConfigurationPlatforms) = preSolution
		Debug|Any CPU = Debug|Any CPU
		Release|Any CPU = Release|Any CPU
	EndGlobalSection
	GlobalSection(ProjectConfigurationPlatforms) = postSolution
		{E1CCAB9C-BF8B-45E0-9A0C-CF74DF55502D}.Debug|Any CPU.ActiveCfg = Debug|Any CPU
		{E1CCAB9C-BF8B-45E0-9A0C-CF74DF55502D}.Debug|Any CPU.Build.0 = Debug|Any CPU
		{E1CCAB9C-BF8B-45E0-9A0C-CF74DF55502D}.Release|Any CPU.ActiveCfg = Release|Any CPU
		{E1CCAB9C-BF8B-45E0-9A0C-CF74DF55502D}.Release|Any CPU.Build.0 = Release|Any CPU
		{7F5DDC99-8D4F-4D25-A670-A40AF7C8F3D8}.Debug|Any CPU.ActiveCfg = Debug|Any CPU
		{7F5DDC99-8D4F-4D25-A670-A40AF7C8F3D8}.Debug|Any CPU.Build.0 = Debug|Any CPU
		{7F5DDC99-8D4F-4D25-A670-A40AF7C8F3D8}.Release|Any CPU.ActiveCfg = Release|Any CPU
		{7F5DDC99-8D4F-4D25-A670-A40AF7C8F3D8}.Release|Any CPU.Build.0 = Release|Any CPU
		{97461087-B1DE-43B5-9AFF-73402B521A2F}.Debug|Any CPU.ActiveCfg = Debug|Any CPU
		{97461087-B1DE-43B5-9AFF-73402B521A2F}.Debug|Any CPU.Build.0 = Debug|Any CPU
		{97461087-B1DE-43B5-9AFF-73402B521A2F}.Release|Any CPU.ActiveCfg = Release|Any CPU
		{97461087-B1DE-43B5-9AFF-73402B521A2F}.Release|Any CPU.Build.0 = Release|Any CPU
		{641E5107-5135-4FA8-B045-B1D8A95009DA}.Debug|Any CPU.ActiveCfg = Debug|Any CPU
		{641E5107-5135-4FA8-B045-B1D8A95009DA}.Debug|Any CPU.Build.0 = Debug|Any CPU
		{641E5107-5135-4FA8-B045-B1D8A95009DA}.Release|Any CPU.ActiveCfg = Release|Any CPU
		{641E5107-5135-4FA8-B045-B1D8A95009DA}.Release|Any CPU.Build.0 = Release|Any CPU
		{5B164032-831E-41D9-B0F1-999EFF7FB6BD}.Debug|Any CPU.ActiveCfg = Debug|Any CPU
		{5B164032-831E-41D9-B0F1-999EFF7FB6BD}.Debug|Any CPU.Build.0 = Debug|Any CPU
		{5B164032-831E-41D9-B0F1-999EFF7FB6BD}.Release|Any CPU.ActiveCfg = Release|Any CPU
		{5B164032-831E-41D9-B0F1-999EFF7FB6BD}.Release|Any CPU.Build.0 = Release|Any CPU
		{BEFB645F-4FF7-467B-8166-FD777A81693C}.Debug|Any CPU.ActiveCfg = Debug|Any CPU
		{BEFB645F-4FF7-467B-8166-FD777A81693C}.Debug|Any CPU.Build.0 = Debug|Any CPU
		{BEFB645F-4FF7-467B-8166-FD777A81693C}.Release|Any CPU.ActiveCfg = Release|Any CPU
		{BEFB645F-4FF7-467B-8166-FD777A81693C}.Release|Any CPU.Build.0 = Release|Any CPU
		{E7522040-9A7A-496F-A086-70D113A2D0E9}.Debug|Any CPU.ActiveCfg = Debug|Any CPU
		{E7522040-9A7A-496F-A086-70D113A2D0E9}.Debug|Any CPU.Build.0 = Debug|Any CPU
		{E7522040-9A7A-496F-A086-70D113A2D0E9}.Release|Any CPU.ActiveCfg = Release|Any CPU
		{E7522040-9A7A-496F-A086-70D113A2D0E9}.Release|Any CPU.Build.0 = Release|Any CPU
		{CD1BEBC1-1399-47CF-A6DC-53877D5F57C0}.Debug|Any CPU.ActiveCfg = Debug|Any CPU
		{CD1BEBC1-1399-47CF-A6DC-53877D5F57C0}.Debug|Any CPU.Build.0 = Debug|Any CPU
		{CD1BEBC1-1399-47CF-A6DC-53877D5F57C0}.Release|Any CPU.ActiveCfg = Release|Any CPU
		{CD1BEBC1-1399-47CF-A6DC-53877D5F57C0}.Release|Any CPU.Build.0 = Release|Any CPU
		{00C3D8D8-FC21-404B-BCC7-5D7A797B5721}.Debug|Any CPU.ActiveCfg = Debug|Any CPU
		{00C3D8D8-FC21-404B-BCC7-5D7A797B5721}.Debug|Any CPU.Build.0 = Debug|Any CPU
		{00C3D8D8-FC21-404B-BCC7-5D7A797B5721}.Release|Any CPU.ActiveCfg = Release|Any CPU
		{00C3D8D8-FC21-404B-BCC7-5D7A797B5721}.Release|Any CPU.Build.0 = Release|Any CPU
		{56C548D2-BD23-4D14-A7EE-E5FEA379D2E0}.Debug|Any CPU.ActiveCfg = Debug|Any CPU
		{56C548D2-BD23-4D14-A7EE-E5FEA379D2E0}.Debug|Any CPU.Build.0 = Debug|Any CPU
		{56C548D2-BD23-4D14-A7EE-E5FEA379D2E0}.Release|Any CPU.ActiveCfg = Release|Any CPU
		{56C548D2-BD23-4D14-A7EE-E5FEA379D2E0}.Release|Any CPU.Build.0 = Release|Any CPU
		{21F087BA-385F-4922-AD11-BD5AE90F2D65}.Debug|Any CPU.ActiveCfg = Debug|Any CPU
		{21F087BA-385F-4922-AD11-BD5AE90F2D65}.Debug|Any CPU.Build.0 = Debug|Any CPU
		{21F087BA-385F-4922-AD11-BD5AE90F2D65}.Release|Any CPU.ActiveCfg = Release|Any CPU
		{21F087BA-385F-4922-AD11-BD5AE90F2D65}.Release|Any CPU.Build.0 = Release|Any CPU
		{FB7EB100-69BF-424A-BBE7-DD63DC08BC56}.Debug|Any CPU.ActiveCfg = Debug|Any CPU
		{FB7EB100-69BF-424A-BBE7-DD63DC08BC56}.Debug|Any CPU.Build.0 = Debug|Any CPU
		{FB7EB100-69BF-424A-BBE7-DD63DC08BC56}.Release|Any CPU.ActiveCfg = Release|Any CPU
		{FB7EB100-69BF-424A-BBE7-DD63DC08BC56}.Release|Any CPU.Build.0 = Release|Any CPU
		{81C07820-02E2-4FBB-ADFE-AD7A08ADAB9F}.Debug|Any CPU.ActiveCfg = Debug|Any CPU
		{81C07820-02E2-4FBB-ADFE-AD7A08ADAB9F}.Debug|Any CPU.Build.0 = Debug|Any CPU
		{81C07820-02E2-4FBB-ADFE-AD7A08ADAB9F}.Release|Any CPU.ActiveCfg = Release|Any CPU
		{81C07820-02E2-4FBB-ADFE-AD7A08ADAB9F}.Release|Any CPU.Build.0 = Release|Any CPU
		{B1831E50-1874-4733-A068-4E5B16F03A25}.Debug|Any CPU.ActiveCfg = Debug|Any CPU
		{B1831E50-1874-4733-A068-4E5B16F03A25}.Debug|Any CPU.Build.0 = Debug|Any CPU
		{B1831E50-1874-4733-A068-4E5B16F03A25}.Release|Any CPU.ActiveCfg = Release|Any CPU
		{B1831E50-1874-4733-A068-4E5B16F03A25}.Release|Any CPU.Build.0 = Release|Any CPU
		{4172FBB8-9777-485A-BA26-E136E7A079C3}.Debug|Any CPU.ActiveCfg = Debug|Any CPU
		{4172FBB8-9777-485A-BA26-E136E7A079C3}.Debug|Any CPU.Build.0 = Debug|Any CPU
		{4172FBB8-9777-485A-BA26-E136E7A079C3}.Release|Any CPU.ActiveCfg = Release|Any CPU
		{4172FBB8-9777-485A-BA26-E136E7A079C3}.Release|Any CPU.Build.0 = Release|Any CPU
		{5EF31D97-1BE8-4A80-87CD-D57AAB701F78}.Debug|Any CPU.ActiveCfg = Debug|Any CPU
		{5EF31D97-1BE8-4A80-87CD-D57AAB701F78}.Debug|Any CPU.Build.0 = Debug|Any CPU
		{5EF31D97-1BE8-4A80-87CD-D57AAB701F78}.Release|Any CPU.ActiveCfg = Release|Any CPU
		{5EF31D97-1BE8-4A80-87CD-D57AAB701F78}.Release|Any CPU.Build.0 = Release|Any CPU
	EndGlobalSection
	GlobalSection(NestedProjects) = preSolution
		{00C3D8D8-FC21-404B-BCC7-5D7A797B5721} = {796FF468-2FA8-44A5-954C-7FD431A99538}
		{56C548D2-BD23-4D14-A7EE-E5FEA379D2E0} = {796FF468-2FA8-44A5-954C-7FD431A99538}
		{21F087BA-385F-4922-AD11-BD5AE90F2D65} = {796FF468-2FA8-44A5-954C-7FD431A99538}
		{FB7EB100-69BF-424A-BBE7-DD63DC08BC56} = {796FF468-2FA8-44A5-954C-7FD431A99538}
		{81C07820-02E2-4FBB-ADFE-AD7A08ADAB9F} = {796FF468-2FA8-44A5-954C-7FD431A99538}
		{B1831E50-1874-4733-A068-4E5B16F03A25} = {796FF468-2FA8-44A5-954C-7FD431A99538}
		{4172FBB8-9777-485A-BA26-E136E7A079C3} = {87EC1C4B-5EAA-45A0-857B-E0A6359D9B64}
		{5EF31D97-1BE8-4A80-87CD-D57AAB701F78} = {87EC1C4B-5EAA-45A0-857B-E0A6359D9B64}
	EndGlobalSection
EndGlobal
