
Microsoft Visual Studio Solution File, Format Version 12.00
Project("{FAE04EC0-301F-11D3-BF4B-00C04F79EFBC}") = "Farewell.DI", "Farewell.DI\Farewell.DI.csproj", "{E1CCAB9C-BF8B-45E0-9A0C-CF74DF55502D}"
EndProject
Project("{FAE04EC0-301F-11D3-BF4B-00C04F79EFBC}") = "Farewell.Abstractions", "Farewell.Abstractions\Farewell.Abstractions.csproj", "{7F5DDC99-8D4F-4D25-A670-A40AF7C8F3D8}"
EndProject
Project("{FAE04EC0-301F-11D3-BF4B-00C04F79EFBC}") = "Farewell.Debug.Tests", "Farewell.Debug.Tests\Farewell.Debug.Tests.csproj", "{79CEF1F4-B67E-4A49-8269-F5A493C93467}"
EndProject
Project("{FAE04EC0-301F-11D3-BF4B-00C04F79EFBC}") = "Farewell.Debug", "Farewell.Debug\Farewell.Debug.csproj", "{F8EED0B6-073E-4637-B7B5-DC4867DBCA68}"
EndProject
Project("{FAE04EC0-301F-11D3-BF4B-00C04F79EFBC}") = "Farewell.Infrastructure.EntityFramework", "Farewell.Infrastructure.EntityFramework\Farewell.Infrastructure.EntityFramework.csproj", "{97461087-B1DE-43B5-9AFF-73402B521A2F}"
EndProject
Project("{2150E333-8FDC-42A3-9474-1A3956D46DE8}") = "Farewell.Debug", "Farewell.Debug", "{C4F80CC9-34E2-4847-8456-FDFCCF9CDDDB}"
EndProject
Project("{FAE04EC0-301F-11D3-BF4B-00C04F79EFBC}") = "Farewell.Configuration", "Farewell.Configuration\Farewell.Configuration.csproj", "{641E5107-5135-4FA8-B045-B1D8A95009DA}"
EndProject
Project("{FAE04EC0-301F-11D3-BF4B-00C04F79EFBC}") = "Farewell.Validation", "Farewell.Validation\Farewell.Validation.csproj", "{5B164032-831E-41D9-B0F1-999EFF7FB6BD}"
EndProject
Project("{FAE04EC0-301F-11D3-BF4B-00C04F79EFBC}") = "Farewell.Localization", "Farewell.Localization\Farewell.Localization.csproj", "{BEFB645F-4FF7-467B-8166-FD777A81693C}"
EndProject
Project("{2150E333-8FDC-42A3-9474-1A3956D46DE8}") = "Farewell.Debug.ASP", "Farewell.Debug.ASP", "{C81D20F7-707A-4234-9F7C-A8A00BF749B9}"
EndProject
Project("{FAE04EC0-301F-11D3-BF4B-00C04F79EFBC}") = "Farewell.Debug.ASP.Presentation", "Farewell.Debug.ASP.Presentation\Farewell.Debug.ASP.Presentation.csproj", "{F109CF61-1585-4B03-9E47-213DCC78B801}"
EndProject
Project("{FAE04EC0-301F-11D3-BF4B-00C04F79EFBC}") = "Farewell.Debug.ASP.Infrastructure", "Farewell.Debug.ASP.Infrastructure\Farewell.Debug.ASP.Infrastructure.csproj", "{5E842879-71B6-4AAC-97C3-DC0A1D0F4791}"
EndProject
Project("{FAE04EC0-301F-11D3-BF4B-00C04F79EFBC}") = "Farewell.Debug.ASP.Application", "Farewell.Debug.ASP.Application\Farewell.Debug.ASP.Application.csproj", "{76D8CE8B-AF07-44FF-8D2A-57922BD1511B}"
EndProject
Project("{FAE04EC0-301F-11D3-BF4B-00C04F79EFBC}") = "Farewell.Debug.ASP.Domain", "Farewell.Debug.ASP.Domain\Farewell.Debug.ASP.Domain.csproj", "{20E3D93C-9E6C-4C0E-A259-3361B0159C72}"
EndProject
Project("{2150E333-8FDC-42A3-9474-1A3956D46DE8}") = "Farewell.Compatibility", "Farewell.Compatibility", "{87EC1C4B-5EAA-45A0-857B-E0A6359D9B64}"
EndProject
Project("{FAE04EC0-301F-11D3-BF4B-00C04F79EFBC}") = "Farewell.Compatibility.MS.DependencyInjection", "Farewell.Compatibility.MS.DependencyInjection\Farewell.Compatibility.MS.DependencyInjection.csproj", "{F157DF8B-AF0F-462B-B01E-9AB15083B2FF}"
EndProject
Project("{FAE04EC0-301F-11D3-BF4B-00C04F79EFBC}") = "Farewell.Logging", "Farewell.Logging\Farewell.Logging.csproj", "{E7522040-9A7A-496F-A086-70D113A2D0E9}"
EndProject
Project("{FAE04EC0-301F-11D3-BF4B-00C04F79EFBC}") = "Farewell.StateRules", "Farewell.StateRules\Farewell.StateRules.csproj", "{CD1BEBC1-1399-47CF-A6DC-53877D5F57C0}"
EndProject
Project("{FAE04EC0-301F-11D3-BF4B-00C04F79EFBC}") = "Farewell.Compatibility.MS.Logging", "Farewell.Compatibility.MS.Logging\Farewell.Compatibility.MS.Logging.csproj", "{F47113A8-4C19-4075-87E8-2BEDFDF275DB}"
EndProject
Global
	GlobalSection(SolutionConfigurationPlatforms) = preSolution
		Debug|Any CPU = Debug|Any CPU
		Release|Any CPU = Release|Any CPU
	EndGlobalSection
	GlobalSection(ProjectConfigurationPlatforms) = postSolution
		{E1CCAB9C-BF8B-45E0-9A0C-CF74DF55502D}.Debug|Any CPU.ActiveCfg = Debug|Any CPU
		{E1CCAB9C-BF8B-45E0-9A0C-CF74DF55502D}.Debug|Any CPU.Build.0 = Debug|Any CPU
		{E1CCAB9C-BF8B-45E0-9A0C-CF74DF55502D}.Release|Any CPU.ActiveCfg = Release|Any CPU
		{E1CCAB9C-BF8B-45E0-9A0C-CF74DF55502D}.Release|Any CPU.Build.0 = Release|Any CPU
		{7F5DDC99-8D4F-4D25-A670-A40AF7C8F3D8}.Debug|Any CPU.ActiveCfg = Debug|Any CPU
		{7F5DDC99-8D4F-4D25-A670-A40AF7C8F3D8}.Debug|Any CPU.Build.0 = Debug|Any CPU
		{7F5DDC99-8D4F-4D25-A670-A40AF7C8F3D8}.Release|Any CPU.ActiveCfg = Release|Any CPU
		{7F5DDC99-8D4F-4D25-A670-A40AF7C8F3D8}.Release|Any CPU.Build.0 = Release|Any CPU
		{79CEF1F4-B67E-4A49-8269-F5A493C93467}.Debug|Any CPU.ActiveCfg = Debug|Any CPU
		{79CEF1F4-B67E-4A49-8269-F5A493C93467}.Debug|Any CPU.Build.0 = Debug|Any CPU
		{79CEF1F4-B67E-4A49-8269-F5A493C93467}.Release|Any CPU.ActiveCfg = Release|Any CPU
		{79CEF1F4-B67E-4A49-8269-F5A493C93467}.Release|Any CPU.Build.0 = Release|Any CPU
		{F8EED0B6-073E-4637-B7B5-DC4867DBCA68}.Debug|Any CPU.ActiveCfg = Debug|Any CPU
		{F8EED0B6-073E-4637-B7B5-DC4867DBCA68}.Debug|Any CPU.Build.0 = Debug|Any CPU
		{F8EED0B6-073E-4637-B7B5-DC4867DBCA68}.Release|Any CPU.ActiveCfg = Release|Any CPU
		{F8EED0B6-073E-4637-B7B5-DC4867DBCA68}.Release|Any CPU.Build.0 = Release|Any CPU
		{97461087-B1DE-43B5-9AFF-73402B521A2F}.Debug|Any CPU.ActiveCfg = Debug|Any CPU
		{97461087-B1DE-43B5-9AFF-73402B521A2F}.Debug|Any CPU.Build.0 = Debug|Any CPU
		{97461087-B1DE-43B5-9AFF-73402B521A2F}.Release|Any CPU.ActiveCfg = Release|Any CPU
		{97461087-B1DE-43B5-9AFF-73402B521A2F}.Release|Any CPU.Build.0 = Release|Any CPU
		{641E5107-5135-4FA8-B045-B1D8A95009DA}.Debug|Any CPU.ActiveCfg = Debug|Any CPU
		{641E5107-5135-4FA8-B045-B1D8A95009DA}.Debug|Any CPU.Build.0 = Debug|Any CPU
		{641E5107-5135-4FA8-B045-B1D8A95009DA}.Release|Any CPU.ActiveCfg = Release|Any CPU
		{641E5107-5135-4FA8-B045-B1D8A95009DA}.Release|Any CPU.Build.0 = Release|Any CPU
		{5B164032-831E-41D9-B0F1-999EFF7FB6BD}.Debug|Any CPU.ActiveCfg = Debug|Any CPU
		{5B164032-831E-41D9-B0F1-999EFF7FB6BD}.Debug|Any CPU.Build.0 = Debug|Any CPU
		{5B164032-831E-41D9-B0F1-999EFF7FB6BD}.Release|Any CPU.ActiveCfg = Release|Any CPU
		{5B164032-831E-41D9-B0F1-999EFF7FB6BD}.Release|Any CPU.Build.0 = Release|Any CPU
		{BEFB645F-4FF7-467B-8166-FD777A81693C}.Debug|Any CPU.ActiveCfg = Debug|Any CPU
		{BEFB645F-4FF7-467B-8166-FD777A81693C}.Debug|Any CPU.Build.0 = Debug|Any CPU
		{BEFB645F-4FF7-467B-8166-FD777A81693C}.Release|Any CPU.ActiveCfg = Release|Any CPU
		{BEFB645F-4FF7-467B-8166-FD777A81693C}.Release|Any CPU.Build.0 = Release|Any CPU
		{F109CF61-1585-4B03-9E47-213DCC78B801}.Debug|Any CPU.ActiveCfg = Debug|Any CPU
		{F109CF61-1585-4B03-9E47-213DCC78B801}.Debug|Any CPU.Build.0 = Debug|Any CPU
		{F109CF61-1585-4B03-9E47-213DCC78B801}.Release|Any CPU.ActiveCfg = Release|Any CPU
		{F109CF61-1585-4B03-9E47-213DCC78B801}.Release|Any CPU.Build.0 = Release|Any CPU
		{5E842879-71B6-4AAC-97C3-DC0A1D0F4791}.Debug|Any CPU.ActiveCfg = Debug|Any CPU
		{5E842879-71B6-4AAC-97C3-DC0A1D0F4791}.Debug|Any CPU.Build.0 = Debug|Any CPU
		{5E842879-71B6-4AAC-97C3-DC0A1D0F4791}.Release|Any CPU.ActiveCfg = Release|Any CPU
		{5E842879-71B6-4AAC-97C3-DC0A1D0F4791}.Release|Any CPU.Build.0 = Release|Any CPU
		{76D8CE8B-AF07-44FF-8D2A-57922BD1511B}.Debug|Any CPU.ActiveCfg = Debug|Any CPU
		{76D8CE8B-AF07-44FF-8D2A-57922BD1511B}.Debug|Any CPU.Build.0 = Debug|Any CPU
		{76D8CE8B-AF07-44FF-8D2A-57922BD1511B}.Release|Any CPU.ActiveCfg = Release|Any CPU
		{76D8CE8B-AF07-44FF-8D2A-57922BD1511B}.Release|Any CPU.Build.0 = Release|Any CPU
		{20E3D93C-9E6C-4C0E-A259-3361B0159C72}.Debug|Any CPU.ActiveCfg = Debug|Any CPU
		{20E3D93C-9E6C-4C0E-A259-3361B0159C72}.Debug|Any CPU.Build.0 = Debug|Any CPU
		{20E3D93C-9E6C-4C0E-A259-3361B0159C72}.Release|Any CPU.ActiveCfg = Release|Any CPU
		{20E3D93C-9E6C-4C0E-A259-3361B0159C72}.Release|Any CPU.Build.0 = Release|Any CPU
		{F157DF8B-AF0F-462B-B01E-9AB15083B2FF}.Debug|Any CPU.ActiveCfg = Debug|Any CPU
		{F157DF8B-AF0F-462B-B01E-9AB15083B2FF}.Debug|Any CPU.Build.0 = Debug|Any CPU
		{F157DF8B-AF0F-462B-B01E-9AB15083B2FF}.Release|Any CPU.ActiveCfg = Release|Any CPU
		{F157DF8B-AF0F-462B-B01E-9AB15083B2FF}.Release|Any CPU.Build.0 = Release|Any CPU
		{E7522040-9A7A-496F-A086-70D113A2D0E9}.Debug|Any CPU.ActiveCfg = Debug|Any CPU
		{E7522040-9A7A-496F-A086-70D113A2D0E9}.Debug|Any CPU.Build.0 = Debug|Any CPU
		{E7522040-9A7A-496F-A086-70D113A2D0E9}.Release|Any CPU.ActiveCfg = Release|Any CPU
		{E7522040-9A7A-496F-A086-70D113A2D0E9}.Release|Any CPU.Build.0 = Release|Any CPU
		{CD1BEBC1-1399-47CF-A6DC-53877D5F57C0}.Debug|Any CPU.ActiveCfg = Debug|Any CPU
		{CD1BEBC1-1399-47CF-A6DC-53877D5F57C0}.Debug|Any CPU.Build.0 = Debug|Any CPU
		{CD1BEBC1-1399-47CF-A6DC-53877D5F57C0}.Release|Any CPU.ActiveCfg = Release|Any CPU
		{CD1BEBC1-1399-47CF-A6DC-53877D5F57C0}.Release|Any CPU.Build.0 = Release|Any CPU
		{F47113A8-4C19-4075-87E8-2BEDFDF275DB}.Debug|Any CPU.ActiveCfg = Debug|Any CPU
		{F47113A8-4C19-4075-87E8-2BEDFDF275DB}.Debug|Any CPU.Build.0 = Debug|Any CPU
		{F47113A8-4C19-4075-87E8-2BEDFDF275DB}.Release|Any CPU.ActiveCfg = Release|Any CPU
		{F47113A8-4C19-4075-87E8-2BEDFDF275DB}.Release|Any CPU.Build.0 = Release|Any CPU
	EndGlobalSection
	GlobalSection(NestedProjects) = preSolution
		{F8EED0B6-073E-4637-B7B5-DC4867DBCA68} = {C4F80CC9-34E2-4847-8456-FDFCCF9CDDDB}
		{79CEF1F4-B67E-4A49-8269-F5A493C93467} = {C4F80CC9-34E2-4847-8456-FDFCCF9CDDDB}
		{F109CF61-1585-4B03-9E47-213DCC78B801} = {C81D20F7-707A-4234-9F7C-A8A00BF749B9}
		{5E842879-71B6-4AAC-97C3-DC0A1D0F4791} = {C81D20F7-707A-4234-9F7C-A8A00BF749B9}
		{76D8CE8B-AF07-44FF-8D2A-57922BD1511B} = {C81D20F7-707A-4234-9F7C-A8A00BF749B9}
		{20E3D93C-9E6C-4C0E-A259-3361B0159C72} = {C81D20F7-707A-4234-9F7C-A8A00BF749B9}
		{F157DF8B-AF0F-462B-B01E-9AB15083B2FF} = {87EC1C4B-5EAA-45A0-857B-E0A6359D9B64}
		{F47113A8-4C19-4075-87E8-2BEDFDF275DB} = {87EC1C4B-5EAA-45A0-857B-E0A6359D9B64}
	EndGlobalSection
EndGlobal
