
Microsoft Visual Studio Solution File, Format Version 12.00
Project("{FAE04EC0-301F-11D3-BF4B-00C04F79EFBC}") = "Farewell.Base", "Farewell.Base\Farewell.Base.csproj", "{DEEDA7C2-1BC4-4219-A6DE-D8D3D3C9F78C}"
EndProject
Project("{FAE04EC0-301F-11D3-BF4B-00C04F79EFBC}") = "Farewell.DI", "Farewell.DI\Farewell.DI.csproj", "{E1CCAB9C-BF8B-45E0-9A0C-CF74DF55502D}"
EndProject
Project("{FAE04EC0-301F-11D3-BF4B-00C04F79EFBC}") = "Farewell.Abstractions", "Farewell.Abstractions\Farewell.Abstractions.csproj", "{7F5DDC99-8D4F-4D25-A670-A40AF7C8F3D8}"
EndProject
Project("{FAE04EC0-301F-11D3-BF4B-00C04F79EFBC}") = "Farewell.Debug.Tests", "Farewell.Debug.Tests\Farewell.Debug.Tests.csproj", "{79CEF1F4-B67E-4A49-8269-F5A493C93467}"
EndProject
Project("{FAE04EC0-301F-11D3-BF4B-00C04F79EFBC}") = "Farewell.Debug", "Farewell.Debug\Farewell.Debug.csproj", "{F8EED0B6-073E-4637-B7B5-DC4867DBCA68}"
EndProject
Global
	GlobalSection(SolutionConfigurationPlatforms) = preSolution
		Debug|Any CPU = Debug|Any CPU
		Release|Any CPU = Release|Any CPU
	EndGlobalSection
	GlobalSection(ProjectConfigurationPlatforms) = postSolution
		{DEEDA7C2-1BC4-4219-A6DE-D8D3D3C9F78C}.Debug|Any CPU.ActiveCfg = Debug|Any CPU
		{DEEDA7C2-1BC4-4219-A6DE-D8D3D3C9F78C}.Debug|Any CPU.Build.0 = Debug|Any CPU
		{DEEDA7C2-1BC4-4219-A6DE-D8D3D3C9F78C}.Release|Any CPU.ActiveCfg = Release|Any CPU
		{DEEDA7C2-1BC4-4219-A6DE-D8D3D3C9F78C}.Release|Any CPU.Build.0 = Release|Any CPU
		{E1CCAB9C-BF8B-45E0-9A0C-CF74DF55502D}.Debug|Any CPU.ActiveCfg = Debug|Any CPU
		{E1CCAB9C-BF8B-45E0-9A0C-CF74DF55502D}.Debug|Any CPU.Build.0 = Debug|Any CPU
		{E1CCAB9C-BF8B-45E0-9A0C-CF74DF55502D}.Release|Any CPU.ActiveCfg = Release|Any CPU
		{E1CCAB9C-BF8B-45E0-9A0C-CF74DF55502D}.Release|Any CPU.Build.0 = Release|Any CPU
		{7F5DDC99-8D4F-4D25-A670-A40AF7C8F3D8}.Debug|Any CPU.ActiveCfg = Debug|Any CPU
		{7F5DDC99-8D4F-4D25-A670-A40AF7C8F3D8}.Debug|Any CPU.Build.0 = Debug|Any CPU
		{7F5DDC99-8D4F-4D25-A670-A40AF7C8F3D8}.Release|Any CPU.ActiveCfg = Release|Any CPU
		{7F5DDC99-8D4F-4D25-A670-A40AF7C8F3D8}.Release|Any CPU.Build.0 = Release|Any CPU
		{79CEF1F4-B67E-4A49-8269-F5A493C93467}.Debug|Any CPU.ActiveCfg = Debug|Any CPU
		{79CEF1F4-B67E-4A49-8269-F5A493C93467}.Debug|Any CPU.Build.0 = Debug|Any CPU
		{79CEF1F4-B67E-4A49-8269-F5A493C93467}.Release|Any CPU.ActiveCfg = Release|Any CPU
		{79CEF1F4-B67E-4A49-8269-F5A493C93467}.Release|Any CPU.Build.0 = Release|Any CPU
		{F8EED0B6-073E-4637-B7B5-DC4867DBCA68}.Debug|Any CPU.ActiveCfg = Debug|Any CPU
		{F8EED0B6-073E-4637-B7B5-DC4867DBCA68}.Debug|Any CPU.Build.0 = Debug|Any CPU
		{F8EED0B6-073E-4637-B7B5-DC4867DBCA68}.Release|Any CPU.ActiveCfg = Release|Any CPU
		{F8EED0B6-073E-4637-B7B5-DC4867DBCA68}.Release|Any CPU.Build.0 = Release|Any CPU
	EndGlobalSection
EndGlobal
